
Microsoft Visual Studio Solution File, Format Version 12.00
# Visual Studio Version 16
VisualStudioVersion = 16.0.30717.126
MinimumVisualStudioVersion = 10.0.40219.1
Project("{8BC9CEB8-8B4A-11D0-8D11-00A0C91BC942}") = "ObjectMove", "ObjectMove\ObjectMove.vcxproj", "{094742B5-628B-4CA4-9C77-136B0B70C988}"
EndProject
Project("{8BC9CEB8-8B4A-11D0-8D11-00A0C91BC942}") = "Int2Str", "Int2Str\Int2Str.vcxproj", "{D545F0A3-891C-4593-B151-9212A9195A79}"
EndProject
Project("{8BC9CEB8-8B4A-11D0-8D11-00A0C91BC942}") = "CombinationOfSortedSequences", "CombinationOfSortedSequences\CombinationOfSortedSequences.vcxproj", "{10EF8197-3C40-494F-9184-A45783B2775A}"
EndProject
Project("{8BC9CEB8-8B4A-11D0-8D11-00A0C91BC942}") = "Hanoi", "Hanoi\Hanoi.vcxproj", "{68581EF5-D43A-419D-8955-34CFE8C1A346}"
EndProject
Project("{8BC9CEB8-8B4A-11D0-8D11-00A0C91BC942}") = "Sudoku", "Sudoku\Sudoku.vcxproj", "{8686F915-E5CC-48D8-8646-DF11FD47D507}"
EndProject
Project("{8BC9CEB8-8B4A-11D0-8D11-00A0C91BC942}") = "ClimbStairs", "ClimbStairs\ClimbStairs.vcxproj", "{E38ED36A-F3B8-4A7B-A8E5-7357CBC0036E}"
EndProject
Project("{8BC9CEB8-8B4A-11D0-8D11-00A0C91BC942}") = "TopologicalSort", "TopologicalSort\TopologicalSort.vcxproj", "{342F673A-59BC-4368-B236-F726CB3A4C2E}"
EndProject
Project("{8BC9CEB8-8B4A-11D0-8D11-00A0C91BC942}") = "ListSorting", "ListSorting\ListSorting.vcxproj", "{98CF551D-3D25-4BC4-83F1-7932A65144B3}"
EndProject
Global
	GlobalSection(SolutionConfigurationPlatforms) = preSolution
		Debug|x64 = Debug|x64
		Debug|x86 = Debug|x86
		Release|x64 = Release|x64
		Release|x86 = Release|x86
	EndGlobalSection
	GlobalSection(ProjectConfigurationPlatforms) = postSolution
		{094742B5-628B-4CA4-9C77-136B0B70C988}.Debug|x64.ActiveCfg = Debug|x64
		{094742B5-628B-4CA4-9C77-136B0B70C988}.Debug|x64.Build.0 = Debug|x64
		{094742B5-628B-4CA4-9C77-136B0B70C988}.Debug|x86.ActiveCfg = Debug|Win32
		{094742B5-628B-4CA4-9C77-136B0B70C988}.Debug|x86.Build.0 = Debug|Win32
		{094742B5-628B-4CA4-9C77-136B0B70C988}.Release|x64.ActiveCfg = Release|x64
		{094742B5-628B-4CA4-9C77-136B0B70C988}.Release|x64.Build.0 = Release|x64
		{094742B5-628B-4CA4-9C77-136B0B70C988}.Release|x86.ActiveCfg = Release|Win32
		{094742B5-628B-4CA4-9C77-136B0B70C988}.Release|x86.Build.0 = Release|Win32
		{D545F0A3-891C-4593-B151-9212A9195A79}.Debug|x64.ActiveCfg = Debug|x64
		{D545F0A3-891C-4593-B151-9212A9195A79}.Debug|x64.Build.0 = Debug|x64
		{D545F0A3-891C-4593-B151-9212A9195A79}.Debug|x86.ActiveCfg = Debug|Win32
		{D545F0A3-891C-4593-B151-9212A9195A79}.Debug|x86.Build.0 = Debug|Win32
		{D545F0A3-891C-4593-B151-9212A9195A79}.Release|x64.ActiveCfg = Release|x64
		{D545F0A3-891C-4593-B151-9212A9195A79}.Release|x64.Build.0 = Release|x64
		{D545F0A3-891C-4593-B151-9212A9195A79}.Release|x86.ActiveCfg = Release|Win32
		{D545F0A3-891C-4593-B151-9212A9195A79}.Release|x86.Build.0 = Release|Win32
		{10EF8197-3C40-494F-9184-A45783B2775A}.Debug|x64.ActiveCfg = Debug|x64
		{10EF8197-3C40-494F-9184-A45783B2775A}.Debug|x64.Build.0 = Debug|x64
		{10EF8197-3C40-494F-9184-A45783B2775A}.Debug|x86.ActiveCfg = Debug|Win32
		{10EF8197-3C40-494F-9184-A45783B2775A}.Debug|x86.Build.0 = Debug|Win32
		{10EF8197-3C40-494F-9184-A45783B2775A}.Release|x64.ActiveCfg = Release|x64
		{10EF8197-3C40-494F-9184-A45783B2775A}.Release|x64.Build.0 = Release|x64
		{10EF8197-3C40-494F-9184-A45783B2775A}.Release|x86.ActiveCfg = Release|Win32
		{10EF8197-3C40-494F-9184-A45783B2775A}.Release|x86.Build.0 = Release|Win32
		{68581EF5-D43A-419D-8955-34CFE8C1A346}.Debug|x64.ActiveCfg = Debug|x64
		{68581EF5-D43A-419D-8955-34CFE8C1A346}.Debug|x64.Build.0 = Debug|x64
		{68581EF5-D43A-419D-8955-34CFE8C1A346}.Debug|x86.ActiveCfg = Debug|Win32
		{68581EF5-D43A-419D-8955-34CFE8C1A346}.Debug|x86.Build.0 = Debug|Win32
		{68581EF5-D43A-419D-8955-34CFE8C1A346}.Release|x64.ActiveCfg = Release|x64
		{68581EF5-D43A-419D-8955-34CFE8C1A346}.Release|x64.Build.0 = Release|x64
		{68581EF5-D43A-419D-8955-34CFE8C1A346}.Release|x86.ActiveCfg = Release|Win32
		{68581EF5-D43A-419D-8955-34CFE8C1A346}.Release|x86.Build.0 = Release|Win32
		{8686F915-E5CC-48D8-8646-DF11FD47D507}.Debug|x64.ActiveCfg = Debug|x64
		{8686F915-E5CC-48D8-8646-DF11FD47D507}.Debug|x64.Build.0 = Debug|x64
		{8686F915-E5CC-48D8-8646-DF11FD47D507}.Debug|x86.ActiveCfg = Debug|Win32
		{8686F915-E5CC-48D8-8646-DF11FD47D507}.Debug|x86.Build.0 = Debug|Win32
		{8686F915-E5CC-48D8-8646-DF11FD47D507}.Release|x64.ActiveCfg = Release|x64
		{8686F915-E5CC-48D8-8646-DF11FD47D507}.Release|x64.Build.0 = Release|x64
		{8686F915-E5CC-48D8-8646-DF11FD47D507}.Release|x86.ActiveCfg = Release|Win32
		{8686F915-E5CC-48D8-8646-DF11FD47D507}.Release|x86.Build.0 = Release|Win32
		{E38ED36A-F3B8-4A7B-A8E5-7357CBC0036E}.Debug|x64.ActiveCfg = Debug|x64
		{E38ED36A-F3B8-4A7B-A8E5-7357CBC0036E}.Debug|x64.Build.0 = Debug|x64
		{E38ED36A-F3B8-4A7B-A8E5-7357CBC0036E}.Debug|x86.ActiveCfg = Debug|Win32
		{E38ED36A-F3B8-4A7B-A8E5-7357CBC0036E}.Debug|x86.Build.0 = Debug|Win32
		{E38ED36A-F3B8-4A7B-A8E5-7357CBC0036E}.Release|x64.ActiveCfg = Release|x64
		{E38ED36A-F3B8-4A7B-A8E5-7357CBC0036E}.Release|x64.Build.0 = Release|x64
		{E38ED36A-F3B8-4A7B-A8E5-7357CBC0036E}.Release|x86.ActiveCfg = Release|Win32
		{E38ED36A-F3B8-4A7B-A8E5-7357CBC0036E}.Release|x86.Build.0 = Release|Win32
		{342F673A-59BC-4368-B236-F726CB3A4C2E}.Debug|x64.ActiveCfg = Debug|x64
		{342F673A-59BC-4368-B236-F726CB3A4C2E}.Debug|x64.Build.0 = Debug|x64
		{342F673A-59BC-4368-B236-F726CB3A4C2E}.Debug|x86.ActiveCfg = Debug|Win32
		{342F673A-59BC-4368-B236-F726CB3A4C2E}.Debug|x86.Build.0 = Debug|Win32
		{342F673A-59BC-4368-B236-F726CB3A4C2E}.Release|x64.ActiveCfg = Release|x64
		{342F673A-59BC-4368-B236-F726CB3A4C2E}.Release|x64.Build.0 = Release|x64
		{342F673A-59BC-4368-B236-F726CB3A4C2E}.Release|x86.ActiveCfg = Release|Win32
		{342F673A-59BC-4368-B236-F726CB3A4C2E}.Release|x86.Build.0 = Release|Win32
		{98CF551D-3D25-4BC4-83F1-7932A65144B3}.Debug|x64.ActiveCfg = Debug|x64
		{98CF551D-3D25-4BC4-83F1-7932A65144B3}.Debug|x64.Build.0 = Debug|x64
		{98CF551D-3D25-4BC4-83F1-7932A65144B3}.Debug|x86.ActiveCfg = Debug|Win32
		{98CF551D-3D25-4BC4-83F1-7932A65144B3}.Debug|x86.Build.0 = Debug|Win32
		{98CF551D-3D25-4BC4-83F1-7932A65144B3}.Release|x64.ActiveCfg = Release|x64
		{98CF551D-3D25-4BC4-83F1-7932A65144B3}.Release|x64.Build.0 = Release|x64
		{98CF551D-3D25-4BC4-83F1-7932A65144B3}.Release|x86.ActiveCfg = Release|Win32
		{98CF551D-3D25-4BC4-83F1-7932A65144B3}.Release|x86.Build.0 = Release|Win32
	EndGlobalSection
	GlobalSection(SolutionProperties) = preSolution
		HideSolutionNode = FALSE
	EndGlobalSection
	GlobalSection(ExtensibilityGlobals) = postSolution
		SolutionGuid = {04C859D9-71AE-4CED-A9AF-DFEEF5451573}
	EndGlobalSection
EndGlobal
